
Microsoft Visual Studio Solution File, Format Version 12.00
# Visual Studio Version 16
VisualStudioVersion = 16.0.30204.135
MinimumVisualStudioVersion = 10.0.40219.1
Project("{FAE04EC0-301F-11D3-BF4B-00C04F79EFBC}") = "AbstractFactory", "AbstractFactory\AbstractFactory.csproj", "{85492DF6-2E91-4091-94A2-EE2DBF291BA0}"
EndProject
Project("{FAE04EC0-301F-11D3-BF4B-00C04F79EFBC}") = "Builder", "Builder\Builder.csproj", "{3B1D7FA0-EDB2-4F07-A41E-8EC3DB567BF5}"
EndProject
Project("{FAE04EC0-301F-11D3-BF4B-00C04F79EFBC}") = "Prototype", "Prototype\Prototype.csproj", "{D79CE4CF-3400-4406-8548-BA5FF3CFC443}"
EndProject
Project("{FAE04EC0-301F-11D3-BF4B-00C04F79EFBC}") = "FactoryMethod", "FactoryMethod\FactoryMethod.csproj", "{174524FA-7430-4168-B7F6-7CEFE8BCE5E6}"
EndProject
Project("{FAE04EC0-301F-11D3-BF4B-00C04F79EFBC}") = "Singleton", "Singleton\Singleton.csproj", "{16334D45-2A25-46A9-BAB0-CCFEBFFA5EE7}"
EndProject
Project("{FAE04EC0-301F-11D3-BF4B-00C04F79EFBC}") = "Adapter", "Adapter\Adapter.csproj", "{98DEB410-D332-409D-BB2D-DB3A3A7FACA9}"
EndProject
Project("{FAE04EC0-301F-11D3-BF4B-00C04F79EFBC}") = "Bridge", "Bridge\Bridge.csproj", "{3B8B912D-9B7F-465A-85E1-753F94EA7495}"
EndProject
Project("{FAE04EC0-301F-11D3-BF4B-00C04F79EFBC}") = "Composite", "Composite\Composite.csproj", "{7A99E282-24B2-4EB8-92B3-0E379F49343F}"
EndProject
Project("{FAE04EC0-301F-11D3-BF4B-00C04F79EFBC}") = "Decorator", "Decorator\Decorator.csproj", "{A7CB7E87-D5BB-415A-8D81-90014646AD61}"
EndProject
Project("{FAE04EC0-301F-11D3-BF4B-00C04F79EFBC}") = "Facade", "Facade\Facade.csproj", "{DEF1D5B8-8FEA-43A3-BE54-817302E58F96}"
EndProject
Project("{FAE04EC0-301F-11D3-BF4B-00C04F79EFBC}") = "Proxy", "Proxy\Proxy.csproj", "{5F50B7FD-CA04-4A11-A61E-71A559298978}"
EndProject
Project("{FAE04EC0-301F-11D3-BF4B-00C04F79EFBC}") = "ChainOfResponsibility", "ChainOfResponsibility\ChainOfResponsibility.csproj", "{D0248988-C3FD-4EDC-AAE0-B46A065B32F6}"
EndProject
Project("{FAE04EC0-301F-11D3-BF4B-00C04F79EFBC}") = "Command", "Command\Command.csproj", "{A18B004F-A29F-4C41-A5A6-3FDF0AD24634}"
EndProject
Project("{FAE04EC0-301F-11D3-BF4B-00C04F79EFBC}") = "Iterator", "Iterator\Iterator.csproj", "{025E59B6-BB60-455D-8F53-C95C6D7A43E0}"
EndProject
Project("{FAE04EC0-301F-11D3-BF4B-00C04F79EFBC}") = "Mediator", "Mediator\Mediator.csproj", "{70834E1D-8A8D-4D2B-81FD-C4CD9296F7DA}"
EndProject
Project("{FAE04EC0-301F-11D3-BF4B-00C04F79EFBC}") = "Memento", "Memento\Memento.csproj", "{48176AAE-8951-482A-B7BC-9AE9112A5263}"
EndProject
Project("{FAE04EC0-301F-11D3-BF4B-00C04F79EFBC}") = "Observer", "Observer\Observer.csproj", "{F1707295-59CC-4E7D-9627-063D073650C5}"
EndProject
Project("{FAE04EC0-301F-11D3-BF4B-00C04F79EFBC}") = "State", "State\State.csproj", "{D1D03445-5F03-462F-8B6D-97C2849F4487}"
EndProject
Project("{FAE04EC0-301F-11D3-BF4B-00C04F79EFBC}") = "Strategy", "Strategy\Strategy.csproj", "{12FFE35A-0CC9-4D57-929E-ADE267055010}"
EndProject
Project("{FAE04EC0-301F-11D3-BF4B-00C04F79EFBC}") = "Template", "Template\Template.csproj", "{10AACB2F-C133-4DCC-A9C4-E08152D7E886}"
EndProject
Project("{FAE04EC0-301F-11D3-BF4B-00C04F79EFBC}") = "Visitor", "Visitor\Visitor.csproj", "{98C83033-F4C3-4532-B4ED-C14CFBD5D458}"
EndProject
Project("{FAE04EC0-301F-11D3-BF4B-00C04F79EFBC}") = "DemoYield", "YieldDemo\DemoYield.csproj", "{B3114743-5FED-4A14-BBB3-2EC369F9F07B}"
EndProject
Project("{FAE04EC0-301F-11D3-BF4B-00C04F79EFBC}") = "DemoGenerics", "GenericsDemo\DemoGenerics.csproj", "{A38ACC68-13D0-4D79-AA1F-2347FA72E42F}"
EndProject
Project("{FAE04EC0-301F-11D3-BF4B-00C04F79EFBC}") = "DemoExtensionMethods", "ExtensionMethods\DemoExtensionMethods.csproj", "{33C519DD-E6BF-4E9F-A740-78C83E61641C}"
EndProject
Project("{FAE04EC0-301F-11D3-BF4B-00C04F79EFBC}") = "DemoDelegates", "DemoDelegates\DemoDelegates.csproj", "{878CFDB1-3798-4CF0-8544-772C82B2035C}"
EndProject
Project("{FAE04EC0-301F-11D3-BF4B-00C04F79EFBC}") = "DateTimeTrials", "DateTimeTrials\DateTimeTrials.csproj", "{C25AF674-8E30-4A53-B8F7-4DFF2306D0AB}"
EndProject
Project("{FAE04EC0-301F-11D3-BF4B-00C04F79EFBC}") = "YieldExample", "YieldExample\YieldExample.csproj", "{B3B4F5DA-92A1-4980-A474-E5905D131D04}"
EndProject
Global
	GlobalSection(SolutionConfigurationPlatforms) = preSolution
		Debug|Any CPU = Debug|Any CPU
		Release|Any CPU = Release|Any CPU
	EndGlobalSection
	GlobalSection(ProjectConfigurationPlatforms) = postSolution
		{85492DF6-2E91-4091-94A2-EE2DBF291BA0}.Debug|Any CPU.ActiveCfg = Debug|Any CPU
		{85492DF6-2E91-4091-94A2-EE2DBF291BA0}.Debug|Any CPU.Build.0 = Debug|Any CPU
		{85492DF6-2E91-4091-94A2-EE2DBF291BA0}.Release|Any CPU.ActiveCfg = Release|Any CPU
		{85492DF6-2E91-4091-94A2-EE2DBF291BA0}.Release|Any CPU.Build.0 = Release|Any CPU
		{3B1D7FA0-EDB2-4F07-A41E-8EC3DB567BF5}.Debug|Any CPU.ActiveCfg = Debug|Any CPU
		{3B1D7FA0-EDB2-4F07-A41E-8EC3DB567BF5}.Debug|Any CPU.Build.0 = Debug|Any CPU
		{3B1D7FA0-EDB2-4F07-A41E-8EC3DB567BF5}.Release|Any CPU.ActiveCfg = Release|Any CPU
		{3B1D7FA0-EDB2-4F07-A41E-8EC3DB567BF5}.Release|Any CPU.Build.0 = Release|Any CPU
		{D79CE4CF-3400-4406-8548-BA5FF3CFC443}.Debug|Any CPU.ActiveCfg = Debug|Any CPU
		{D79CE4CF-3400-4406-8548-BA5FF3CFC443}.Debug|Any CPU.Build.0 = Debug|Any CPU
		{D79CE4CF-3400-4406-8548-BA5FF3CFC443}.Release|Any CPU.ActiveCfg = Release|Any CPU
		{D79CE4CF-3400-4406-8548-BA5FF3CFC443}.Release|Any CPU.Build.0 = Release|Any CPU
		{174524FA-7430-4168-B7F6-7CEFE8BCE5E6}.Debug|Any CPU.ActiveCfg = Debug|Any CPU
		{174524FA-7430-4168-B7F6-7CEFE8BCE5E6}.Debug|Any CPU.Build.0 = Debug|Any CPU
		{174524FA-7430-4168-B7F6-7CEFE8BCE5E6}.Release|Any CPU.ActiveCfg = Release|Any CPU
		{174524FA-7430-4168-B7F6-7CEFE8BCE5E6}.Release|Any CPU.Build.0 = Release|Any CPU
		{16334D45-2A25-46A9-BAB0-CCFEBFFA5EE7}.Debug|Any CPU.ActiveCfg = Debug|Any CPU
		{16334D45-2A25-46A9-BAB0-CCFEBFFA5EE7}.Debug|Any CPU.Build.0 = Debug|Any CPU
		{16334D45-2A25-46A9-BAB0-CCFEBFFA5EE7}.Release|Any CPU.ActiveCfg = Release|Any CPU
		{16334D45-2A25-46A9-BAB0-CCFEBFFA5EE7}.Release|Any CPU.Build.0 = Release|Any CPU
		{98DEB410-D332-409D-BB2D-DB3A3A7FACA9}.Debug|Any CPU.ActiveCfg = Debug|Any CPU
		{98DEB410-D332-409D-BB2D-DB3A3A7FACA9}.Debug|Any CPU.Build.0 = Debug|Any CPU
		{98DEB410-D332-409D-BB2D-DB3A3A7FACA9}.Release|Any CPU.ActiveCfg = Release|Any CPU
		{98DEB410-D332-409D-BB2D-DB3A3A7FACA9}.Release|Any CPU.Build.0 = Release|Any CPU
		{3B8B912D-9B7F-465A-85E1-753F94EA7495}.Debug|Any CPU.ActiveCfg = Debug|Any CPU
		{3B8B912D-9B7F-465A-85E1-753F94EA7495}.Debug|Any CPU.Build.0 = Debug|Any CPU
		{3B8B912D-9B7F-465A-85E1-753F94EA7495}.Release|Any CPU.ActiveCfg = Release|Any CPU
		{3B8B912D-9B7F-465A-85E1-753F94EA7495}.Release|Any CPU.Build.0 = Release|Any CPU
		{7A99E282-24B2-4EB8-92B3-0E379F49343F}.Debug|Any CPU.ActiveCfg = Debug|Any CPU
		{7A99E282-24B2-4EB8-92B3-0E379F49343F}.Debug|Any CPU.Build.0 = Debug|Any CPU
		{7A99E282-24B2-4EB8-92B3-0E379F49343F}.Release|Any CPU.ActiveCfg = Release|Any CPU
		{7A99E282-24B2-4EB8-92B3-0E379F49343F}.Release|Any CPU.Build.0 = Release|Any CPU
		{A7CB7E87-D5BB-415A-8D81-90014646AD61}.Debug|Any CPU.ActiveCfg = Debug|Any CPU
		{A7CB7E87-D5BB-415A-8D81-90014646AD61}.Debug|Any CPU.Build.0 = Debug|Any CPU
		{A7CB7E87-D5BB-415A-8D81-90014646AD61}.Release|Any CPU.ActiveCfg = Release|Any CPU
		{A7CB7E87-D5BB-415A-8D81-90014646AD61}.Release|Any CPU.Build.0 = Release|Any CPU
		{DEF1D5B8-8FEA-43A3-BE54-817302E58F96}.Debug|Any CPU.ActiveCfg = Debug|Any CPU
		{DEF1D5B8-8FEA-43A3-BE54-817302E58F96}.Debug|Any CPU.Build.0 = Debug|Any CPU
		{DEF1D5B8-8FEA-43A3-BE54-817302E58F96}.Release|Any CPU.ActiveCfg = Release|Any CPU
		{DEF1D5B8-8FEA-43A3-BE54-817302E58F96}.Release|Any CPU.Build.0 = Release|Any CPU
		{5F50B7FD-CA04-4A11-A61E-71A559298978}.Debug|Any CPU.ActiveCfg = Debug|Any CPU
		{5F50B7FD-CA04-4A11-A61E-71A559298978}.Debug|Any CPU.Build.0 = Debug|Any CPU
		{5F50B7FD-CA04-4A11-A61E-71A559298978}.Release|Any CPU.ActiveCfg = Release|Any CPU
		{5F50B7FD-CA04-4A11-A61E-71A559298978}.Release|Any CPU.Build.0 = Release|Any CPU
		{D0248988-C3FD-4EDC-AAE0-B46A065B32F6}.Debug|Any CPU.ActiveCfg = Debug|Any CPU
		{D0248988-C3FD-4EDC-AAE0-B46A065B32F6}.Debug|Any CPU.Build.0 = Debug|Any CPU
		{D0248988-C3FD-4EDC-AAE0-B46A065B32F6}.Release|Any CPU.ActiveCfg = Release|Any CPU
		{D0248988-C3FD-4EDC-AAE0-B46A065B32F6}.Release|Any CPU.Build.0 = Release|Any CPU
		{A18B004F-A29F-4C41-A5A6-3FDF0AD24634}.Debug|Any CPU.ActiveCfg = Debug|Any CPU
		{A18B004F-A29F-4C41-A5A6-3FDF0AD24634}.Debug|Any CPU.Build.0 = Debug|Any CPU
		{A18B004F-A29F-4C41-A5A6-3FDF0AD24634}.Release|Any CPU.ActiveCfg = Release|Any CPU
		{A18B004F-A29F-4C41-A5A6-3FDF0AD24634}.Release|Any CPU.Build.0 = Release|Any CPU
		{025E59B6-BB60-455D-8F53-C95C6D7A43E0}.Debug|Any CPU.ActiveCfg = Debug|Any CPU
		{025E59B6-BB60-455D-8F53-C95C6D7A43E0}.Debug|Any CPU.Build.0 = Debug|Any CPU
		{025E59B6-BB60-455D-8F53-C95C6D7A43E0}.Release|Any CPU.ActiveCfg = Release|Any CPU
		{025E59B6-BB60-455D-8F53-C95C6D7A43E0}.Release|Any CPU.Build.0 = Release|Any CPU
		{70834E1D-8A8D-4D2B-81FD-C4CD9296F7DA}.Debug|Any CPU.ActiveCfg = Debug|Any CPU
		{70834E1D-8A8D-4D2B-81FD-C4CD9296F7DA}.Debug|Any CPU.Build.0 = Debug|Any CPU
		{70834E1D-8A8D-4D2B-81FD-C4CD9296F7DA}.Release|Any CPU.ActiveCfg = Release|Any CPU
		{70834E1D-8A8D-4D2B-81FD-C4CD9296F7DA}.Release|Any CPU.Build.0 = Release|Any CPU
		{48176AAE-8951-482A-B7BC-9AE9112A5263}.Debug|Any CPU.ActiveCfg = Debug|Any CPU
		{48176AAE-8951-482A-B7BC-9AE9112A5263}.Debug|Any CPU.Build.0 = Debug|Any CPU
		{48176AAE-8951-482A-B7BC-9AE9112A5263}.Release|Any CPU.ActiveCfg = Release|Any CPU
		{48176AAE-8951-482A-B7BC-9AE9112A5263}.Release|Any CPU.Build.0 = Release|Any CPU
		{F1707295-59CC-4E7D-9627-063D073650C5}.Debug|Any CPU.ActiveCfg = Debug|Any CPU
		{F1707295-59CC-4E7D-9627-063D073650C5}.Debug|Any CPU.Build.0 = Debug|Any CPU
		{F1707295-59CC-4E7D-9627-063D073650C5}.Release|Any CPU.ActiveCfg = Release|Any CPU
		{F1707295-59CC-4E7D-9627-063D073650C5}.Release|Any CPU.Build.0 = Release|Any CPU
		{D1D03445-5F03-462F-8B6D-97C2849F4487}.Debug|Any CPU.ActiveCfg = Debug|Any CPU
		{D1D03445-5F03-462F-8B6D-97C2849F4487}.Debug|Any CPU.Build.0 = Debug|Any CPU
		{D1D03445-5F03-462F-8B6D-97C2849F4487}.Release|Any CPU.ActiveCfg = Release|Any CPU
		{D1D03445-5F03-462F-8B6D-97C2849F4487}.Release|Any CPU.Build.0 = Release|Any CPU
		{12FFE35A-0CC9-4D57-929E-ADE267055010}.Debug|Any CPU.ActiveCfg = Debug|Any CPU
		{12FFE35A-0CC9-4D57-929E-ADE267055010}.Debug|Any CPU.Build.0 = Debug|Any CPU
		{12FFE35A-0CC9-4D57-929E-ADE267055010}.Release|Any CPU.ActiveCfg = Release|Any CPU
		{12FFE35A-0CC9-4D57-929E-ADE267055010}.Release|Any CPU.Build.0 = Release|Any CPU
		{10AACB2F-C133-4DCC-A9C4-E08152D7E886}.Debug|Any CPU.ActiveCfg = Debug|Any CPU
		{10AACB2F-C133-4DCC-A9C4-E08152D7E886}.Debug|Any CPU.Build.0 = Debug|Any CPU
		{10AACB2F-C133-4DCC-A9C4-E08152D7E886}.Release|Any CPU.ActiveCfg = Release|Any CPU
		{10AACB2F-C133-4DCC-A9C4-E08152D7E886}.Release|Any CPU.Build.0 = Release|Any CPU
		{98C83033-F4C3-4532-B4ED-C14CFBD5D458}.Debug|Any CPU.ActiveCfg = Debug|Any CPU
		{98C83033-F4C3-4532-B4ED-C14CFBD5D458}.Debug|Any CPU.Build.0 = Debug|Any CPU
		{98C83033-F4C3-4532-B4ED-C14CFBD5D458}.Release|Any CPU.ActiveCfg = Release|Any CPU
		{98C83033-F4C3-4532-B4ED-C14CFBD5D458}.Release|Any CPU.Build.0 = Release|Any CPU
		{B3114743-5FED-4A14-BBB3-2EC369F9F07B}.Debug|Any CPU.ActiveCfg = Debug|Any CPU
		{B3114743-5FED-4A14-BBB3-2EC369F9F07B}.Debug|Any CPU.Build.0 = Debug|Any CPU
		{B3114743-5FED-4A14-BBB3-2EC369F9F07B}.Release|Any CPU.ActiveCfg = Release|Any CPU
		{B3114743-5FED-4A14-BBB3-2EC369F9F07B}.Release|Any CPU.Build.0 = Release|Any CPU
		{A38ACC68-13D0-4D79-AA1F-2347FA72E42F}.Debug|Any CPU.ActiveCfg = Debug|Any CPU
		{A38ACC68-13D0-4D79-AA1F-2347FA72E42F}.Debug|Any CPU.Build.0 = Debug|Any CPU
		{A38ACC68-13D0-4D79-AA1F-2347FA72E42F}.Release|Any CPU.ActiveCfg = Release|Any CPU
		{A38ACC68-13D0-4D79-AA1F-2347FA72E42F}.Release|Any CPU.Build.0 = Release|Any CPU
		{33C519DD-E6BF-4E9F-A740-78C83E61641C}.Debug|Any CPU.ActiveCfg = Debug|Any CPU
		{33C519DD-E6BF-4E9F-A740-78C83E61641C}.Debug|Any CPU.Build.0 = Debug|Any CPU
		{33C519DD-E6BF-4E9F-A740-78C83E61641C}.Release|Any CPU.ActiveCfg = Release|Any CPU
		{33C519DD-E6BF-4E9F-A740-78C83E61641C}.Release|Any CPU.Build.0 = Release|Any CPU
		{878CFDB1-3798-4CF0-8544-772C82B2035C}.Debug|Any CPU.ActiveCfg = Debug|Any CPU
		{878CFDB1-3798-4CF0-8544-772C82B2035C}.Debug|Any CPU.Build.0 = Debug|Any CPU
		{878CFDB1-3798-4CF0-8544-772C82B2035C}.Release|Any CPU.ActiveCfg = Release|Any CPU
		{878CFDB1-3798-4CF0-8544-772C82B2035C}.Release|Any CPU.Build.0 = Release|Any CPU
		{C25AF674-8E30-4A53-B8F7-4DFF2306D0AB}.Debug|Any CPU.ActiveCfg = Debug|Any CPU
		{C25AF674-8E30-4A53-B8F7-4DFF2306D0AB}.Debug|Any CPU.Build.0 = Debug|Any CPU
		{C25AF674-8E30-4A53-B8F7-4DFF2306D0AB}.Release|Any CPU.ActiveCfg = Release|Any CPU
		{C25AF674-8E30-4A53-B8F7-4DFF2306D0AB}.Release|Any CPU.Build.0 = Release|Any CPU
		{B3B4F5DA-92A1-4980-A474-E5905D131D04}.Debug|Any CPU.ActiveCfg = Debug|Any CPU
		{B3B4F5DA-92A1-4980-A474-E5905D131D04}.Debug|Any CPU.Build.0 = Debug|Any CPU
		{B3B4F5DA-92A1-4980-A474-E5905D131D04}.Release|Any CPU.ActiveCfg = Release|Any CPU
		{B3B4F5DA-92A1-4980-A474-E5905D131D04}.Release|Any CPU.Build.0 = Release|Any CPU
	EndGlobalSection
	GlobalSection(SolutionProperties) = preSolution
		HideSolutionNode = FALSE
	EndGlobalSection
	GlobalSection(ExtensibilityGlobals) = postSolution
		SolutionGuid = {DCFEA1AA-C492-4C7C-ABFB-9EBF1B7B7AB3}
	EndGlobalSection
EndGlobal
